{
  "nodes": {
    "nixpkgs": {
      "locked": {
        "lastModified": 1780203844,
        "narHash": "sha256-K5sT4jTpGs15ADhviMKNBH38REpPf5Q6mM1+N6cArVE=",
        "owner": "NixOS",
        "repo": "nixpkgs",
        "rev": "b51242d7d43689db2f3be91bd05d5b24fbb469c4",
        "type": "github"
      },
      "original": {
        "owner": "NixOS",
        "ref": "nixos-26.05",
        "repo": "nixpkgs",
        "type": "github"
      }
    },
    "root": {
      "inputs": {
        "unpins-lib": "unpins-lib"
      }
    },
    "unpins-lib": {
      "inputs": {
        "nixpkgs": "nixpkgs"
      },
      "locked": {
        "lastModified": 1785848111,
        "narHash": "sha256-1rR51/OVbD+/hp2fS1LZMPnskSXLVThXPLlbWtuDHso=",
        "owner": "unpins",
        "repo": "nix-lib",
        "rev": "7e8abf2f7b8122c1b65f48f2bdefb8a07a80f60d",
        "type": "github"
      },
      "original": {
        "owner": "unpins",
        "repo": "nix-lib",
        "type": "github"
      }
    }
  },
  "root": "root",
  "version": 7
}
